
Microsoft Visual Studio Solution File, Format Version 12.00
# Visual Studio Version 16
VisualStudioVersion = 16.0.31829.152
MinimumVisualStudioVersion = 10.0.40219.1
Project("{8BC9CEB8-8B4A-11D0-8D11-00A0C91BC942}") = "BackTrack", "BackTrack.vcxproj", "{24357BCC-DB96-4E6E-B98A-B6692F2F7F74}"
EndProject
Project("{2150E333-8FDC-42A3-9474-1A3956D46DE8}") = "Solution Items", "Solution Items", "{9353EF5A-C617-4F38-ACC5-54E2C8A4A715}"
	ProjectSection(SolutionItems) = preProject
		info.txt = info.txt
	EndProjectSection
EndProject
Project("{8BC9CEB8-8B4A-11D0-8D11-00A0C91BC942}") = "MapColoring", "MapColoring\MapColoring.vcxproj", "{CDD6BC69-1641-498E-8300-F7873D79F463}"
	ProjectSection(ProjectDependencies) = postProject
		{24357BCC-DB96-4E6E-B98A-B6692F2F7F74} = {24357BCC-DB96-4E6E-B98A-B6692F2F7F74}
	EndProjectSection
EndProject
Project("{8BC9CEB8-8B4A-11D0-8D11-00A0C91BC942}") = "QueensPlacing", "QueensPlacing\QueensPlacing.vcxproj", "{287474CC-EC06-4A9F-9BD6-727E88B00C95}"
EndProject
Project("{8BC9CEB8-8B4A-11D0-8D11-00A0C91BC942}") = "CubeRearranging", "CubeRearranging\CubeRearranging.vcxproj", "{AED93EFE-9487-4958-9F57-BAE4995A34B9}"
EndProject
Global
	GlobalSection(SolutionConfigurationPlatforms) = preSolution
		Debug|x64 = Debug|x64
		Release|x64 = Release|x64
	EndGlobalSection
	GlobalSection(ProjectConfigurationPlatforms) = postSolution
		{24357BCC-DB96-4E6E-B98A-B6692F2F7F74}.Debug|x64.ActiveCfg = Debug|x64
		{24357BCC-DB96-4E6E-B98A-B6692F2F7F74}.Debug|x64.Build.0 = Debug|x64
		{24357BCC-DB96-4E6E-B98A-B6692F2F7F74}.Release|x64.ActiveCfg = Release|x64
		{24357BCC-DB96-4E6E-B98A-B6692F2F7F74}.Release|x64.Build.0 = Release|x64
		{CDD6BC69-1641-498E-8300-F7873D79F463}.Debug|x64.ActiveCfg = Debug|x64
		{CDD6BC69-1641-498E-8300-F7873D79F463}.Release|x64.ActiveCfg = Release|x64
		{CDD6BC69-1641-498E-8300-F7873D79F463}.Release|x64.Build.0 = Release|x64
		{287474CC-EC06-4A9F-9BD6-727E88B00C95}.Debug|x64.ActiveCfg = Debug|x64
		{287474CC-EC06-4A9F-9BD6-727E88B00C95}.Release|x64.ActiveCfg = Release|x64
		{287474CC-EC06-4A9F-9BD6-727E88B00C95}.Release|x64.Build.0 = Release|x64
		{AED93EFE-9487-4958-9F57-BAE4995A34B9}.Debug|x64.ActiveCfg = Debug|x64
		{AED93EFE-9487-4958-9F57-BAE4995A34B9}.Release|x64.ActiveCfg = Release|x64
		{AED93EFE-9487-4958-9F57-BAE4995A34B9}.Release|x64.Build.0 = Release|x64
	EndGlobalSection
	GlobalSection(SolutionProperties) = preSolution
		HideSolutionNode = FALSE
	EndGlobalSection
	GlobalSection(ExtensibilityGlobals) = postSolution
		SolutionGuid = {DF440F92-BB4B-40BD-A7AC-8A2F27E7AC07}
	EndGlobalSection
EndGlobal
